// !$*UTF8*$!
{
	archiveVersion = 1;
	classes = {
	};
	objectVersion = 55;
	objects = {

/* Begin PBXBuildFile section */
		D682B6AA28C3A9A200C76D29 /* AppDelegate.swift in Sources */ = {isa = PBXBuildFile; fileRef = D682B6A928C3A9A200C76D29 /* AppDelegate.swift */; };
		D682B6AC28C3A9A200C76D29 /* SceneDelegate.swift in Sources */ = {isa = PBXBuildFile; fileRef = D682B6AB28C3A9A200C76D29 /* SceneDelegate.swift */; };
		D682B6B128C3A9A200C76D29 /* Main.storyboard in Resources */ = {isa = PBXBuildFile; fileRef = D682B6AF28C3A9A200C76D29 /* Main.storyboard */; };
		D682B6B328C3A9A500C76D29 /* Assets.xcassets in Resources */ = {isa = PBXBuildFile; fileRef = D682B6B228C3A9A500C76D29 /* Assets.xcassets */; };
		D682B6B628C3A9A500C76D29 /* LaunchScreen.storyboard in Resources */ = {isa = PBXBuildFile; fileRef = D682B6B428C3A9A500C76D29 /* LaunchScreen.storyboard */; };
		D682B6CB28C3AA8A00C76D29 /* UIColor+Extension.swift in Sources */ = {isa = PBXBuildFile; fileRef = D682B6BD28C3AA8A00C76D29 /* UIColor+Extension.swift */; };
		D682B6CC28C3AA8A00C76D29 /* LoginViewModel.swift in Sources */ = {isa = PBXBuildFile; fileRef = D682B6C028C3AA8A00C76D29 /* LoginViewModel.swift */; };
		D682B6CD28C3AA8A00C76D29 /* Album+Enum.swift in Sources */ = {isa = PBXBuildFile; fileRef = D682B6C228C3AA8A00C76D29 /* Album+Enum.swift */; };
		D682B6CE28C3AA8A00C76D29 /* SliderImage.swift in Sources */ = {isa = PBXBuildFile; fileRef = D682B6C428C3AA8A00C76D29 /* SliderImage.swift */; };
		D682B6CF28C3AA8A00C76D29 /* LoginView.swift in Sources */ = {isa = PBXBuildFile; fileRef = D682B6C528C3AA8A00C76D29 /* LoginView.swift */; };
		D682B6D028C3AA8A00C76D29 /* SliderCell.swift in Sources */ = {isa = PBXBuildFile; fileRef = D682B6C628C3AA8A00C76D29 /* SliderCell.swift */; };
		D682B6D128C3AA8A00C76D29 /* SliderCell.xib in Resources */ = {isa = PBXBuildFile; fileRef = D682B6C728C3AA8A00C76D29 /* SliderCell.xib */; };
		D682B6D228C3AA8A00C76D29 /* LoginViewController.xib in Resources */ = {isa = PBXBuildFile; fileRef = D682B6C928C3AA8A00C76D29 /* LoginViewController.xib */; };
		D682B6D328C3AA8A00C76D29 /* LoginViewController.swift in Sources */ = {isa = PBXBuildFile; fileRef = D682B6CA28C3AA8A00C76D29 /* LoginViewController.swift */; };
/* End PBXBuildFile section */

/* Begin PBXFileReference section */
		D682B6A628C3A9A200C76D29 /* JayChou.app */ = {isa = PBXFileReference; explicitFileType = wrapper.application; includeInIndex = 0; path = JayChou.app; sourceTree = BUILT_PRODUCTS_DIR; };
		D682B6A928C3A9A200C76D29 /* AppDelegate.swift */ = {isa = PBXFileReference; lastKnownFileType = sourcecode.swift; path = AppDelegate.swift; sourceTree = "<group>"; };
		D682B6AB28C3A9A200C76D29 /* SceneDelegate.swift */ = {isa = PBXFileReference; lastKnownFileType = sourcecode.swift; path = SceneDelegate.swift; sourceTree = "<group>"; };
		D682B6B028C3A9A200C76D29 /* Base */ = {isa = PBXFileReference; lastKnownFileType = file.storyboard; name = Base; path = Base.lproj/Main.storyboard; sourceTree = "<group>"; };
		D682B6B228C3A9A500C76D29 /* Assets.xcassets */ = {isa = PBXFileReference; lastKnownFileType = folder.assetcatalog; path = Assets.xcassets; sourceTree = "<group>"; };
		D682B6B528C3A9A500C76D29 /* Base */ = {isa = PBXFileReference; lastKnownFileType = file.storyboard; name = Base; path = Base.lproj/LaunchScreen.storyboard; sourceTree = "<group>"; };
		D682B6B728C3A9A500C76D29 /* Info.plist */ = {isa = PBXFileReference; lastKnownFileType = text.plist.xml; path = Info.plist; sourceTree = "<group>"; };
		D682B6BD28C3AA8A00C76D29 /* UIColor+Extension.swift */ = {isa = PBXFileReference; fileEncoding = 4; lastKnownFileType = sourcecode.swift; path = "UIColor+Extension.swift"; sourceTree = "<group>"; };
		D682B6C028C3AA8A00C76D29 /* LoginViewModel.swift */ = {isa = PBXFileReference; fileEncoding = 4; lastKnownFileType = sourcecode.swift; path = LoginViewModel.swift; sourceTree = "<group>"; };
		D682B6C228C3AA8A00C76D29 /* Album+Enum.swift */ = {isa = PBXFileReference; fileEncoding = 4; lastKnownFileType = sourcecode.swift; path = "Album+Enum.swift"; sourceTree = "<group>"; };
		D682B6C428C3AA8A00C76D29 /* SliderImage.swift */ = {isa = PBXFileReference; fileEncoding = 4; lastKnownFileType = sourcecode.swift; path = SliderImage.swift; sourceTree = "<group>"; };
		D682B6C528C3AA8A00C76D29 /* LoginView.swift */ = {isa = PBXFileReference; fileEncoding = 4; lastKnownFileType = sourcecode.swift; path = LoginView.swift; sourceTree = "<group>"; };
		D682B6C628C3AA8A00C76D29 /* SliderCell.swift */ = {isa = PBXFileReference; fileEncoding = 4; lastKnownFileType = sourcecode.swift; path = SliderCell.swift; sourceTree = "<group>"; };
		D682B6C728C3AA8A00C76D29 /* SliderCell.xib */ = {isa = PBXFileReference; fileEncoding = 4; lastKnownFileType = file.xib; path = SliderCell.xib; sourceTree = "<group>"; };
		D682B6C928C3AA8A00C76D29 /* LoginViewController.xib */ = {isa = PBXFileReference; fileEncoding = 4; lastKnownFileType = file.xib; path = LoginViewController.xib; sourceTree = "<group>"; };
		D682B6CA28C3AA8A00C76D29 /* LoginViewController.swift */ = {isa = PBXFileReference; fileEncoding = 4; lastKnownFileType = sourcecode.swift; path = LoginViewController.swift; sourceTree = "<group>"; };
/* End PBXFileReference section */

/* Begin PBXFrameworksBuildPhase section */
		D682B6A328C3A9A200C76D29 /* Frameworks */ = {
			isa = PBXFrameworksBuildPhase;
			buildActionMask = 2147483647;
			files = (
			);
			runOnlyForDeploymentPostprocessing = 0;
		};
/* End PBXFrameworksBuildPhase section */

/* Begin PBXGroup section */
		D682B69D28C3A9A200C76D29 = {
			isa = PBXGroup;
			children = (
				D682B6A828C3A9A200C76D29 /* JayChou */,
				D682B6A728C3A9A200C76D29 /* Products */,
			);
			sourceTree = "<group>";
		};
		D682B6A728C3A9A200C76D29 /* Products */ = {
			isa = PBXGroup;
			children = (
				D682B6A628C3A9A200C76D29 /* JayChou.app */,
			);
			name = Products;
			sourceTree = "<group>";
		};
		D682B6A828C3A9A200C76D29 /* JayChou */ = {
			isa = PBXGroup;
			children = (
				D682B6A928C3A9A200C76D29 /* AppDelegate.swift */,
				D682B6AB28C3A9A200C76D29 /* SceneDelegate.swift */,
				D682B6AF28C3A9A200C76D29 /* Main.storyboard */,
				D682B6BD28C3AA8A00C76D29 /* UIColor+Extension.swift */,
				D682B6BE28C3AA8A00C76D29 /* 登入頁 */,
				D682B6B228C3A9A500C76D29 /* Assets.xcassets */,
				D682B6B428C3A9A500C76D29 /* LaunchScreen.storyboard */,
				D682B6B728C3A9A500C76D29 /* Info.plist */,
			);
			path = JayChou;
			sourceTree = "<group>";
		};
		D682B6BE28C3AA8A00C76D29 /* 登入頁 */ = {
			isa = PBXGroup;
			children = (
				D682B6BF28C3AA8A00C76D29 /* ViewModel */,
				D682B6C128C3AA8A00C76D29 /* Model */,
				D682B6C328C3AA8A00C76D29 /* View */,
				D682B6C828C3AA8A00C76D29 /* ViewController */,
			);
			path = "登入頁";
			sourceTree = "<group>";
		};
		D682B6BF28C3AA8A00C76D29 /* ViewModel */ = {
			isa = PBXGroup;
			children = (
				D682B6C028C3AA8A00C76D29 /* LoginViewModel.swift */,
			);
			path = ViewModel;
			sourceTree = "<group>";
		};
		D682B6C128C3AA8A00C76D29 /* Model */ = {
			isa = PBXGroup;
			children = (
				D682B6C228C3AA8A00C76D29 /* Album+Enum.swift */,
			);
			path = Model;
			sourceTree = "<group>";
		};
		D682B6C328C3AA8A00C76D29 /* View */ = {
			isa = PBXGroup;
			children = (
				D682B6C428C3AA8A00C76D29 /* SliderImage.swift */,
				D682B6C528C3AA8A00C76D29 /* LoginView.swift */,
				D682B6C628C3AA8A00C76D29 /* SliderCell.swift */,
				D682B6C728C3AA8A00C76D29 /* SliderCell.xib */,
			);
			path = View;
			sourceTree = "<group>";
		};
		D682B6C828C3AA8A00C76D29 /* ViewController */ = {
			isa = PBXGroup;
			children = (
				D682B6C928C3AA8A00C76D29 /* LoginViewController.xib */,
				D682B6CA28C3AA8A00C76D29 /* LoginViewController.swift */,
			);
			path = ViewController;
			sourceTree = "<group>";
		};
/* End PBXGroup section */

/* Begin PBXNativeTarget section */
		D682B6A528C3A9A200C76D29 /* JayChou */ = {
			isa = PBXNativeTarget;
			buildConfigurationList = D682B6BA28C3A9A500C76D29 /* Build configuration list for PBXNativeTarget "JayChou" */;
			buildPhases = (
				D682B6A228C3A9A200C76D29 /* Sources */,
				D682B6A328C3A9A200C76D29 /* Frameworks */,
				D682B6A428C3A9A200C76D29 /* Resources */,
			);
			buildRules = (
			);
			dependencies = (
			);
			name = JayChou;
			productName = JayChou;
			productReference = D682B6A628C3A9A200C76D29 /* JayChou.app */;
			productType = "com.apple.product-type.application";
		};
/* End PBXNativeTarget section */

/* Begin PBXProject section */
		D682B69E28C3A9A200C76D29 /* Project object */ = {
			isa = PBXProject;
			attributes = {
				BuildIndependentTargetsInParallel = 1;
				LastSwiftUpdateCheck = 1340;
				LastUpgradeCheck = 1340;
				TargetAttributes = {
					D682B6A528C3A9A200C76D29 = {
						CreatedOnToolsVersion = 13.4.1;
					};
				};
			};
			buildConfigurationList = D682B6A128C3A9A200C76D29 /* Build configuration list for PBXProject "JayChou" */;
			compatibilityVersion = "Xcode 13.0";
			developmentRegion = en;
			hasScannedForEncodings = 0;
			knownRegions = (
				en,
				Base,
			);
			mainGroup = D682B69D28C3A9A200C76D29;
			productRefGroup = D682B6A728C3A9A200C76D29 /* Products */;
			projectDirPath = "";
			projectRoot = "";
			targets = (
				D682B6A528C3A9A200C76D29 /* JayChou */,
			);
		};
/* End PBXProject section */

/* Begin PBXResourcesBuildPhase section */
		D682B6A428C3A9A200C76D29 /* Resources */ = {
			isa = PBXResourcesBuildPhase;
			buildActionMask = 2147483647;
			files = (
				D682B6D228C3AA8A00C76D29 /* LoginViewController.xib in Resources */,
				D682B6B628C3A9A500C76D29 /* LaunchScreen.storyboard in Resources */,
				D682B6B328C3A9A500C76D29 /* Assets.xcassets in Resources */,
				D682B6D128C3AA8A00C76D29 /* SliderCell.xib in Resources */,
				D682B6B128C3A9A200C76D29 /* Main.storyboard in Resources */,
			);
			runOnlyForDeploymentPostprocessing = 0;
		};
/* End PBXResourcesBuildPhase section */

/* Begin PBXSourcesBuildPhase section */
		D682B6A228C3A9A200C76D29 /* Sources */ = {
			isa = PBXSourcesBuildPhase;
			buildActionMask = 2147483647;
			files = (
				D682B6D328C3AA8A00C76D29 /* LoginViewController.swift in Sources */,
				D682B6CC28C3AA8A00C76D29 /* LoginViewModel.swift in Sources */,
				D682B6CF28C3AA8A00C76D29 /* LoginView.swift in Sources */,
				D682B6CD28C3AA8A00C76D29 /* Album+Enum.swift in Sources */,
				D682B6CE28C3AA8A00C76D29 /* SliderImage.swift in Sources */,
				D682B6AA28C3A9A200C76D29 /* AppDelegate.swift in Sources */,
				D682B6CB28C3AA8A00C76D29 /* UIColor+Extension.swift in Sources */,
				D682B6D028C3AA8A00C76D29 /* SliderCell.swift in Sources */,
				D682B6AC28C3A9A200C76D29 /* SceneDelegate.swift in Sources */,
			);
			runOnlyForDeploymentPostprocessing = 0;
		};
/* End PBXSourcesBuildPhase section */

/* Begin PBXVariantGroup section */
		D682B6AF28C3A9A200C76D29 /* Main.storyboard */ = {
			isa = PBXVariantGroup;
			children = (
				D682B6B028C3A9A200C76D29 /* Base */,
			);
			name = Main.storyboard;
			sourceTree = "<group>";
		};
		D682B6B428C3A9A500C76D29 /* LaunchScreen.storyboard */ = {
			isa = PBXVariantGroup;
			children = (
				D682B6B528C3A9A500C76D29 /* Base */,
			);
			name = LaunchScreen.storyboard;
			sourceTree = "<group>";
		};
/* End PBXVariantGroup section */

/* Begin XCBuildConfiguration section */
		D682B6B828C3A9A500C76D29 /* Debug */ = {
			isa = XCBuildConfiguration;
			buildSettings = {
				ALWAYS_SEARCH_USER_PATHS = NO;
				CLANG_ANALYZER_NONNULL = YES;
				CLANG_ANALYZER_NUMBER_OBJECT_CONVERSION = YES_AGGRESSIVE;
				CLANG_CXX_LANGUAGE_STANDARD = "gnu++17";
				CLANG_ENABLE_MODULES = YES;
				CLANG_ENABLE_OBJC_ARC = YES;
				CLANG_ENABLE_OBJC_WEAK = YES;
				CLANG_WARN_BLOCK_CAPTURE_AUTORELEASING = YES;
				CLANG_WARN_BOOL_CONVERSION = YES;
				CLANG_WARN_COMMA = YES;
				CLANG_WARN_CONSTANT_CONVERSION = YES;
				CLANG_WARN_DEPRECATED_OBJC_IMPLEMENTATIONS = YES;
				CLANG_WARN_DIRECT_OBJC_ISA_USAGE = YES_ERROR;
				CLANG_WARN_DOCUMENTATION_COMMENTS = YES;
				CLANG_WARN_EMPTY_BODY = YES;
				CLANG_WARN_ENUM_CONVERSION = YES;
				CLANG_WARN_INFINITE_RECURSION = YES;
				CLANG_WARN_INT_CONVERSION = YES;
				CLANG_WARN_NON_LITERAL_NULL_CONVERSION = YES;
				CLANG_WARN_OBJC_IMPLICIT_RETAIN_SELF = YES;
				CLANG_WARN_OBJC_LITERAL_CONVERSION = YES;
				CLANG_WARN_OBJC_ROOT_CLASS = YES_ERROR;
				CLANG_WARN_QUOTED_INCLUDE_IN_FRAMEWORK_HEADER = YES;
				CLANG_WARN_RANGE_LOOP_ANALYSIS = YES;
				CLANG_WARN_STRICT_PROTOTYPES = YES;
				CLANG_WARN_SUSPICIOUS_MOVE = YES;
				CLANG_WARN_UNGUARDED_AVAILABILITY = YES_AGGRESSIVE;
				CLANG_WARN_UNREACHABLE_CODE = YES;
				CLANG_WARN__DUPLICATE_METHOD_MATCH = YES;
				COPY_PHASE_STRIP = NO;
				DEBUG_INFORMATION_FORMAT = dwarf;
				ENABLE_STRICT_OBJC_MSGSEND = YES;
				ENABLE_TESTABILITY = YES;
				GCC_C_LANGUAGE_STANDARD = gnu11;
				GCC_DYNAMIC_NO_PIC = NO;
				GCC_NO_COMMON_BLOCKS = YES;
				GCC_OPTIMIZATION_LEVEL = 0;
				GCC_PREPROCESSOR_DEFINITIONS = (
					"DEBUG=1",
					"$(inherited)",
				);
				GCC_WARN_64_TO_32_BIT_CONVERSION = YES;
				GCC_WARN_ABOUT_RETURN_TYPE = YES_ERROR;
				GCC_WARN_UNDECLARED_SELECTOR = YES;
				GCC_WARN_UNINITIALIZED_AUTOS = YES_AGGRESSIVE;
				GCC_WARN_UNUSED_FUNCTION = YES;
				GCC_WARN_UNUSED_VARIABLE = YES;
				IPHONEOS_DEPLOYMENT_TARGET = 13.0;
				MTL_ENABLE_DEBUG_INFO = INCLUDE_SOURCE;
				MTL_FAST_MATH = YES;
				ONLY_ACTIVE_ARCH = YES;
				SDKROOT = iphoneos;
				SWIFT_ACTIVE_COMPILATION_CONDITIONS = DEBUG;
				SWIFT_OPTIMIZATION_LEVEL = "-Onone";
			};
			name = Debug;
		};
		D682B6B928C3A9A500C76D29 /* Release */ = {
			isa = XCBuildConfiguration;
			buildSettings = {
				ALWAYS_SEARCH_USER_PATHS = NO;
				CLANG_ANALYZER_NONNULL = YES;
				CLANG_ANALYZER_NUMBER_OBJECT_CONVERSION = YES_AGGRESSIVE;
				CLANG_CXX_LANGUAGE_STANDARD = "gnu++17";
				CLANG_ENABLE_MODULES = YES;
				CLANG_ENABLE_OBJC_ARC = YES;
				CLANG_ENABLE_OBJC_WEAK = YES;
				CLANG_WARN_BLOCK_CAPTURE_AUTORELEASING = YES;
				CLANG_WARN_BOOL_CONVERSION = YES;
				CLANG_WARN_COMMA = YES;
				CLANG_WARN_CONSTANT_CONVERSION = YES;
				CLANG_WARN_DEPRECATED_OBJC_IMPLEMENTATIONS = YES;
				CLANG_WARN_DIRECT_OBJC_ISA_USAGE = YES_ERROR;
				CLANG_WARN_DOCUMENTATION_COMMENTS = YES;
				CLANG_WARN_EMPTY_BODY = YES;
				CLANG_WARN_ENUM_CONVERSION = YES;
				CLANG_WARN_INFINITE_RECURSION = YES;
				CLANG_WARN_INT_CONVERSION = YES;
				CLANG_WARN_NON_LITERAL_NULL_CONVERSION = YES;
				CLANG_WARN_OBJC_IMPLICIT_RETAIN_SELF = YES;
				CLANG_WARN_OBJC_LITERAL_CONVERSION = YES;
				CLANG_WARN_OBJC_ROOT_CLASS = YES_ERROR;
				CLANG_WARN_QUOTED_INCLUDE_IN_FRAMEWORK_HEADER = YES;
				CLANG_WARN_RANGE_LOOP_ANALYSIS = YES;
				CLANG_WARN_STRICT_PROTOTYPES = YES;
				CLANG_WARN_SUSPICIOUS_MOVE = YES;
				CLANG_WARN_UNGUARDED_AVAILABILITY = YES_AGGRESSIVE;
				CLANG_WARN_UNREACHABLE_CODE = YES;
				CLANG_WARN__DUPLICATE_METHOD_MATCH = YES;
				COPY_PHASE_STRIP = NO;
				DEBUG_INFORMATION_FORMAT = "dwarf-with-dsym";
				ENABLE_NS_ASSERTIONS = NO;
				ENABLE_STRICT_OBJC_MSGSEND = YES;
				GCC_C_LANGUAGE_STANDARD = gnu11;
				GCC_NO_COMMON_BLOCKS = YES;
				GCC_WARN_64_TO_32_BIT_CONVERSION = YES;
				GCC_WARN_ABOUT_RETURN_TYPE = YES_ERROR;
				GCC_WARN_UNDECLARED_SELECTOR = YES;
				GCC_WARN_UNINITIALIZED_AUTOS = YES_AGGRESSIVE;
				GCC_WARN_UNUSED_FUNCTION = YES;
				GCC_WARN_UNUSED_VARIABLE = YES;
				IPHONEOS_DEPLOYMENT_TARGET = 13.0;
				MTL_ENABLE_DEBUG_INFO = NO;
				MTL_FAST_MATH = YES;
				SDKROOT = iphoneos;
				SWIFT_COMPILATION_MODE = wholemodule;
				SWIFT_OPTIMIZATION_LEVEL = "-O";
				VALIDATE_PRODUCT = YES;
			};
			name = Release;
		};
		D682B6BB28C3A9A500C76D29 /* Debug */ = {
			isa = XCBuildConfiguration;
			buildSettings = {
				ASSETCATALOG_COMPILER_APPICON_NAME = AppIcon;
				ASSETCATALOG_COMPILER_GLOBAL_ACCENT_COLOR_NAME = AccentColor;
				CODE_SIGN_STYLE = Automatic;
				CURRENT_PROJECT_VERSION = 1;
				DEVELOPMENT_TEAM = F25SU568R8;
				GENERATE_INFOPLIST_FILE = YES;
				INFOPLIST_FILE = JayChou/Info.plist;
				INFOPLIST_KEY_UIApplicationSupportsIndirectInputEvents = YES;
				INFOPLIST_KEY_UILaunchStoryboardName = LaunchScreen;
				INFOPLIST_KEY_UISupportedInterfaceOrientations_iPad = "UIInterfaceOrientationPortrait UIInterfaceOrientationPortraitUpsideDown UIInterfaceOrientationLandscapeLeft UIInterfaceOrientationLandscapeRight";
				INFOPLIST_KEY_UISupportedInterfaceOrientations_iPhone = "UIInterfaceOrientationPortrait UIInterfaceOrientationLandscapeLeft UIInterfaceOrientationLandscapeRight";
				LD_RUNPATH_SEARCH_PATHS = (
					"$(inherited)",
					"@executable_path/Frameworks",
				);
				MARKETING_VERSION = 1.0;
				PRODUCT_BUNDLE_IDENTIFIER = learnIOS.JayChou;
				PRODUCT_NAME = "$(TARGET_NAME)";
				SWIFT_EMIT_LOC_STRINGS = YES;
				SWIFT_VERSION = 5.0;
				TARGETED_DEVICE_FAMILY = "1,2";
			};
			name = Debug;
		};
		D682B6BC28C3A9A500C76D29 /* Release */ = {
			isa = XCBuildConfiguration;
			buildSettings = {
				ASSETCATALOG_COMPILER_APPICON_NAME = AppIcon;
				ASSETCATALOG_COMPILER_GLOBAL_ACCENT_COLOR_NAME = AccentColor;
				CODE_SIGN_STYLE = Automatic;
				CURRENT_PROJECT_VERSION = 1;
				DEVELOPMENT_TEAM = F25SU568R8;
				GENERATE_INFOPLIST_FILE = YES;
				INFOPLIST_FILE = JayChou/Info.plist;
				INFOPLIST_KEY_UIApplicationSupportsIndirectInputEvents = YES;
				INFOPLIST_KEY_UILaunchStoryboardName = LaunchScreen;
				INFOPLIST_KEY_UISupportedInterfaceOrientations_iPad = "UIInterfaceOrientationPortrait UIInterfaceOrientationPortraitUpsideDown UIInterfaceOrientationLandscapeLeft UIInterfaceOrientationLandscapeRight";
				INFOPLIST_KEY_UISupportedInterfaceOrientations_iPhone = "UIInterfaceOrientationPortrait UIInterfaceOrientationLandscapeLeft UIInterfaceOrientationLandscapeRight";
				LD_RUNPATH_SEARCH_PATHS = (
					"$(inherited)",
					"@executable_path/Frameworks",
				);
				MARKETING_VERSION = 1.0;
				PRODUCT_BUNDLE_IDENTIFIER = learnIOS.JayChou;
				PRODUCT_NAME = "$(TARGET_NAME)";
				SWIFT_EMIT_LOC_STRINGS = YES;
				SWIFT_VERSION = 5.0;
				TARGETED_DEVICE_FAMILY = "1,2";
			};
			name = Release;
		};
/* End XCBuildConfiguration section */

/* Begin XCConfigurationList section */
		D682B6A128C3A9A200C76D29 /* Build configuration list for PBXProject "JayChou" */ = {
			isa = XCConfigurationList;
			buildConfigurations = (
				D682B6B828C3A9A500C76D29 /* Debug */,
				D682B6B928C3A9A500C76D29 /* Release */,
			);
			defaultConfigurationIsVisible = 0;
			defaultConfigurationName = Release;
		};
		D682B6BA28C3A9A500C76D29 /* Build configuration list for PBXNativeTarget "JayChou" */ = {
			isa = XCConfigurationList;
			buildConfigurations = (
				D682B6BB28C3A9A500C76D29 /* Debug */,
				D682B6BC28C3A9A500C76D29 /* Release */,
			);
			defaultConfigurationIsVisible = 0;
			defaultConfigurationName = Release;
		};
/* End XCConfigurationList section */
	};
	rootObject = D682B69E28C3A9A200C76D29 /* Project object */;
}
